<?xml version="1.0" encoding="utf-8"?>
<Project ToolsVersion="18.0" xmlns="http://schemas.microsoft.com/developer/msbuild/2003">
  <ItemGroup>
    <CustomBuild Include="C:\Users\gamin\OneDrive\Documents\GitHub\LectureLift\lecture_lift\windows\CMakeFiles\ae795ca2074f461b54a294ee56cfea9a\flutter_windows.dll.rule">
      <Filter>CMake Rules</Filter>
    </CustomBuild>
    <CustomBuild Include="C:\Users\gamin\OneDrive\Documents\GitHub\LectureLift\lecture_lift\windows\CMakeFiles\2d79dac72e25556ca46d9fcd6a35625b\flutter_assemble.rule">
      <Filter>CMake Rules</Filter>
    </CustomBuild>
    <CustomBuild Include="C:\Users\gamin\OneDrive\Documents\GitHub\LectureLift\lecture_lift\windows\flutter\CMakeLists.txt" />
  </ItemGroup>
  <ItemGroup>
    <None Include="C:\Users\gamin\OneDrive\Documents\GitHub\LectureLift\lecture_lift\windows\flutter\CMakeFiles\flutter_assemble" />
  </ItemGroup>
  <ItemGroup>
    <Filter Include="CMake Rules">
      <UniqueIdentifier>{CF97BE3C-2AE4-3546-B07C-12D2B0BAC568}</UniqueIdentifier>
    </Filter>
  </ItemGroup>
</Project>
